
Microsoft Visual Studio Solution File, Format Version 12.00
# Visual Studio Version 17
VisualStudioVersion = 17.2.32519.379
MinimumVisualStudioVersion = 10.0.40219.1
Project("{2150E333-8FDC-42A3-9474-1A3956D46DE8}") = "Core", "Core", "{0FF8D3D2-855D-45C0-8AD0-08CD2789D66C}"
EndProject
Project("{FAE04EC0-301F-11D3-BF4B-00C04F79EFBC}") = "BudgetAPI.Domain", "Core\BudgetAPI.Domain\BudgetAPI.Domain.csproj", "{7766A037-17FD-4C80-A17A-DCBA3022ACC5}"
EndProject
Project("{FAE04EC0-301F-11D3-BF4B-00C04F79EFBC}") = "BudgetAPI.Application", "Core\BudgetAPI.Application\BudgetAPI.Application.csproj", "{3C52E423-9F80-46CB-9B79-56CA2E6ABA29}"
EndProject
Project("{2150E333-8FDC-42A3-9474-1A3956D46DE8}") = "Infrastructure", "Infrastructure", "{677ABC41-B4C8-464F-B5BF-6C461FF472CE}"
EndProject
Project("{FAE04EC0-301F-11D3-BF4B-00C04F79EFBC}") = "BudgetAPI.Infrastructure", "Infrastructure\BudgetAPI.Infrastructure\BudgetAPI.Infrastructure.csproj", "{49AE78FF-7128-4514-9E06-EF6FF44F371E}"
EndProject
Project("{FAE04EC0-301F-11D3-BF4B-00C04F79EFBC}") = "BudgetAPI.Persistence", "Infrastructure\BudgetAPI.Persistence\BudgetAPI.Persistence.csproj", "{0A1073E4-9848-4940-AAA8-6455FD8E1430}"
EndProject
Project("{2150E333-8FDC-42A3-9474-1A3956D46DE8}") = "Presentation", "Presentation", "{B4E3CF1F-B662-4B56-8C70-C89E1B22C0C0}"
EndProject
Project("{FAE04EC0-301F-11D3-BF4B-00C04F79EFBC}") = "BudgetAPI.API", "Presentation\BudgetAPI.API\BudgetAPI.API.csproj", "{7C6E174E-B829-46C9-ADD1-42244ECB1FAF}"
EndProject
Global
	GlobalSection(SolutionConfigurationPlatforms) = preSolution
		Debug|Any CPU = Debug|Any CPU
		Release|Any CPU = Release|Any CPU
	EndGlobalSection
	GlobalSection(ProjectConfigurationPlatforms) = postSolution
		{7766A037-17FD-4C80-A17A-DCBA3022ACC5}.Debug|Any CPU.ActiveCfg = Debug|Any CPU
		{7766A037-17FD-4C80-A17A-DCBA3022ACC5}.Debug|Any CPU.Build.0 = Debug|Any CPU
		{7766A037-17FD-4C80-A17A-DCBA3022ACC5}.Release|Any CPU.ActiveCfg = Release|Any CPU
		{7766A037-17FD-4C80-A17A-DCBA3022ACC5}.Release|Any CPU.Build.0 = Release|Any CPU
		{3C52E423-9F80-46CB-9B79-56CA2E6ABA29}.Debug|Any CPU.ActiveCfg = Debug|Any CPU
		{3C52E423-9F80-46CB-9B79-56CA2E6ABA29}.Debug|Any CPU.Build.0 = Debug|Any CPU
		{3C52E423-9F80-46CB-9B79-56CA2E6ABA29}.Release|Any CPU.ActiveCfg = Release|Any CPU
		{3C52E423-9F80-46CB-9B79-56CA2E6ABA29}.Release|Any CPU.Build.0 = Release|Any CPU
		{49AE78FF-7128-4514-9E06-EF6FF44F371E}.Debug|Any CPU.ActiveCfg = Debug|Any CPU
		{49AE78FF-7128-4514-9E06-EF6FF44F371E}.Debug|Any CPU.Build.0 = Debug|Any CPU
		{49AE78FF-7128-4514-9E06-EF6FF44F371E}.Release|Any CPU.ActiveCfg = Release|Any CPU
		{49AE78FF-7128-4514-9E06-EF6FF44F371E}.Release|Any CPU.Build.0 = Release|Any CPU
		{0A1073E4-9848-4940-AAA8-6455FD8E1430}.Debug|Any CPU.ActiveCfg = Debug|Any CPU
		{0A1073E4-9848-4940-AAA8-6455FD8E1430}.Debug|Any CPU.Build.0 = Debug|Any CPU
		{0A1073E4-9848-4940-AAA8-6455FD8E1430}.Release|Any CPU.ActiveCfg = Release|Any CPU
		{0A1073E4-9848-4940-AAA8-6455FD8E1430}.Release|Any CPU.Build.0 = Release|Any CPU
		{7C6E174E-B829-46C9-ADD1-42244ECB1FAF}.Debug|Any CPU.ActiveCfg = Debug|Any CPU
		{7C6E174E-B829-46C9-ADD1-42244ECB1FAF}.Debug|Any CPU.Build.0 = Debug|Any CPU
		{7C6E174E-B829-46C9-ADD1-42244ECB1FAF}.Release|Any CPU.ActiveCfg = Release|Any CPU
		{7C6E174E-B829-46C9-ADD1-42244ECB1FAF}.Release|Any CPU.Build.0 = Release|Any CPU
	EndGlobalSection
	GlobalSection(SolutionProperties) = preSolution
		HideSolutionNode = FALSE
	EndGlobalSection
	GlobalSection(NestedProjects) = preSolution
		{7766A037-17FD-4C80-A17A-DCBA3022ACC5} = {0FF8D3D2-855D-45C0-8AD0-08CD2789D66C}
		{3C52E423-9F80-46CB-9B79-56CA2E6ABA29} = {0FF8D3D2-855D-45C0-8AD0-08CD2789D66C}
		{49AE78FF-7128-4514-9E06-EF6FF44F371E} = {677ABC41-B4C8-464F-B5BF-6C461FF472CE}
		{0A1073E4-9848-4940-AAA8-6455FD8E1430} = {677ABC41-B4C8-464F-B5BF-6C461FF472CE}
		{7C6E174E-B829-46C9-ADD1-42244ECB1FAF} = {B4E3CF1F-B662-4B56-8C70-C89E1B22C0C0}
	EndGlobalSection
	GlobalSection(ExtensibilityGlobals) = postSolution
		SolutionGuid = {AD8C80AA-CBC0-4E7B-8F50-5AFF7B0F6808}
	EndGlobalSection
EndGlobal
